
Microsoft Visual Studio Solution File, Format Version 12.00
# Visual Studio 14
VisualStudioVersion = 14.0.25123.0
MinimumVisualStudioVersion = 10.0.40219.1
Project("{FAE04EC0-301F-11D3-BF4B-00C04F79EFBC}") = "PP-Pratica09", "PP-Pratica09\PP-Pratica09.csproj", "{9B25D38A-8E6B-482A-8D1E-9F1A92A55833}"
EndProject
Global
	GlobalSection(SolutionConfigurationPlatforms) = preSolution
		Debug|Any CPU = Debug|Any CPU
		Release|Any CPU = Release|Any CPU
	EndGlobalSection
	GlobalSection(ProjectConfigurationPlatforms) = postSolution
		{9B25D38A-8E6B-482A-8D1E-9F1A92A55833}.Debug|Any CPU.ActiveCfg = Debug|Any CPU
		{9B25D38A-8E6B-482A-8D1E-9F1A92A55833}.Debug|Any CPU.Build.0 = Debug|Any CPU
		{9B25D38A-8E6B-482A-8D1E-9F1A92A55833}.Release|Any CPU.ActiveCfg = Release|Any CPU
		{9B25D38A-8E6B-482A-8D1E-9F1A92A55833}.Release|Any CPU.Build.0 = Release|Any CPU
	EndGlobalSection
	GlobalSection(SolutionProperties) = preSolution
		HideSolutionNode = FALSE
	EndGlobalSection
EndGlobal
